
Microsoft Visual Studio Solution File, Format Version 12.00
# Visual Studio Version 17
VisualStudioVersion = 17.5.33516.290
MinimumVisualStudioVersion = 10.0.40219.1
Project("{FAE04EC0-301F-11D3-BF4B-00C04F79EFBC}") = "2_more_basics", "2_more_basics.csproj", "{ECEC59D8-9D1A-40CF-BFDC-7D1479CB4E9B}"
EndProject
Global
	GlobalSection(SolutionConfigurationPlatforms) = preSolution
		Debug|Any CPU = Debug|Any CPU
		Release|Any CPU = Release|Any CPU
	EndGlobalSection
	GlobalSection(ProjectConfigurationPlatforms) = postSolution
		{ECEC59D8-9D1A-40CF-BFDC-7D1479CB4E9B}.Debug|Any CPU.ActiveCfg = Debug|Any CPU
		{ECEC59D8-9D1A-40CF-BFDC-7D1479CB4E9B}.Debug|Any CPU.Build.0 = Debug|Any CPU
		{ECEC59D8-9D1A-40CF-BFDC-7D1479CB4E9B}.Release|Any CPU.ActiveCfg = Release|Any CPU
		{ECEC59D8-9D1A-40CF-BFDC-7D1479CB4E9B}.Release|Any CPU.Build.0 = Release|Any CPU
	EndGlobalSection
	GlobalSection(SolutionProperties) = preSolution
		HideSolutionNode = FALSE
	EndGlobalSection
	GlobalSection(ExtensibilityGlobals) = postSolution
		SolutionGuid = {15CAEE13-96BF-4675-A311-C29ABA490459}
	EndGlobalSection
EndGlobal
