
Microsoft Visual Studio Solution File, Format Version 12.00
# Visual Studio Version 17
VisualStudioVersion = 17.5.33516.290
MinimumVisualStudioVersion = 10.0.40219.1
Project("{FAE04EC0-301F-11D3-BF4B-00C04F79EFBC}") = "8_all_in_one", "8_all_in_one.csproj", "{07C6A03D-80C0-46DC-97BB-D0C924079F61}"
EndProject
Global
	GlobalSection(SolutionConfigurationPlatforms) = preSolution
		Debug|Any CPU = Debug|Any CPU
		Release|Any CPU = Release|Any CPU
	EndGlobalSection
	GlobalSection(ProjectConfigurationPlatforms) = postSolution
		{07C6A03D-80C0-46DC-97BB-D0C924079F61}.Debug|Any CPU.ActiveCfg = Debug|Any CPU
		{07C6A03D-80C0-46DC-97BB-D0C924079F61}.Debug|Any CPU.Build.0 = Debug|Any CPU
		{07C6A03D-80C0-46DC-97BB-D0C924079F61}.Release|Any CPU.ActiveCfg = Release|Any CPU
		{07C6A03D-80C0-46DC-97BB-D0C924079F61}.Release|Any CPU.Build.0 = Release|Any CPU
	EndGlobalSection
	GlobalSection(SolutionProperties) = preSolution
		HideSolutionNode = FALSE
	EndGlobalSection
	GlobalSection(ExtensibilityGlobals) = postSolution
		SolutionGuid = {5539ED80-7488-408F-8B02-C31770E3A832}
	EndGlobalSection
EndGlobal
