
Microsoft Visual Studio Solution File, Format Version 12.00
# Visual Studio Version 17
VisualStudioVersion = 17.7.34009.444
MinimumVisualStudioVersion = 10.0.40219.1
Project("{FAE04EC0-301F-11D3-BF4B-00C04F79EFBC}") = "13_lists", "13_lists.csproj", "{10B215FF-3053-4F7C-A751-BB2E0B51C0BF}"
EndProject
Global
	GlobalSection(SolutionConfigurationPlatforms) = preSolution
		Debug|Any CPU = Debug|Any CPU
		Release|Any CPU = Release|Any CPU
	EndGlobalSection
	GlobalSection(ProjectConfigurationPlatforms) = postSolution
		{10B215FF-3053-4F7C-A751-BB2E0B51C0BF}.Debug|Any CPU.ActiveCfg = Debug|Any CPU
		{10B215FF-3053-4F7C-A751-BB2E0B51C0BF}.Debug|Any CPU.Build.0 = Debug|Any CPU
		{10B215FF-3053-4F7C-A751-BB2E0B51C0BF}.Release|Any CPU.ActiveCfg = Release|Any CPU
		{10B215FF-3053-4F7C-A751-BB2E0B51C0BF}.Release|Any CPU.Build.0 = Release|Any CPU
	EndGlobalSection
	GlobalSection(SolutionProperties) = preSolution
		HideSolutionNode = FALSE
	EndGlobalSection
	GlobalSection(ExtensibilityGlobals) = postSolution
		SolutionGuid = {439A789D-48B0-4058-9608-7C5FB83590D2}
	EndGlobalSection
EndGlobal
